
Microsoft Visual Studio Solution File, Format Version 12.00
# Visual Studio 15
VisualStudioVersion = 15.0.28010.2048
MinimumVisualStudioVersion = 10.0.40219.1
Project("{FAE04EC0-301F-11D3-BF4B-00C04F79EFBC}") = "ComicBookGalleryModel", "ComicBookGalleryModel\ComicBookGalleryModel.csproj", "{B02EC252-9FAA-4D7E-BDDB-D5BD3F044072}"
EndProject
Global
	GlobalSection(SolutionConfigurationPlatforms) = preSolution
		Debug|Any CPU = Debug|Any CPU
		Release|Any CPU = Release|Any CPU
	EndGlobalSection
	GlobalSection(ProjectConfigurationPlatforms) = postSolution
		{B02EC252-9FAA-4D7E-BDDB-D5BD3F044072}.Debug|Any CPU.ActiveCfg = Debug|Any CPU
		{B02EC252-9FAA-4D7E-BDDB-D5BD3F044072}.Debug|Any CPU.Build.0 = Debug|Any CPU
		{B02EC252-9FAA-4D7E-BDDB-D5BD3F044072}.Release|Any CPU.ActiveCfg = Release|Any CPU
		{B02EC252-9FAA-4D7E-BDDB-D5BD3F044072}.Release|Any CPU.Build.0 = Release|Any CPU
	EndGlobalSection
	GlobalSection(SolutionProperties) = preSolution
		HideSolutionNode = FALSE
	EndGlobalSection
	GlobalSection(ExtensibilityGlobals) = postSolution
		SolutionGuid = {268AD6D4-211C-4447-A229-78BAB1378839}
	EndGlobalSection
EndGlobal
